// !$*UTF8*$!
{
	archiveVersion = 1;
	classes = {
	};
	objectVersion = 46;
	objects = {

/* Begin PBXBuildFile section */
		4C129B1C16CF35350089CFC1 /* Player.m in Sources */ = {isa = PBXBuildFile; fileRef = 4C129B1B16CF35350089CFC1 /* Player.m */; };
		4C58F85916D31A7D005C707F /* BoardViewController.m in Sources */ = {isa = PBXBuildFile; fileRef = 4C58F85816D31A7D005C707F /* BoardViewController.m */; };
		4CB420C216E029C00063D90A /* Images in Resources */ = {isa = PBXBuildFile; fileRef = 4CB420C116E029C00063D90A /* Images */; };
		4CCC17B516E43B4800C53139 /* ReduxBoardViewController.m in Sources */ = {isa = PBXBuildFile; fileRef = 4CCC17B416E43B4800C53139 /* ReduxBoardViewController.m */; };
		4CCC17B816E4452700C53139 /* ReduxBoardStatusView.m in Sources */ = {isa = PBXBuildFile; fileRef = 4CCC17B716E4452700C53139 /* ReduxBoardStatusView.m */; };
		4CDA320916E6C411009CE291 /* ClassicView.m in Sources */ = {isa = PBXBuildFile; fileRef = 4CDA320816E6C411009CE291 /* ClassicView.m */; };
		4CDA320C16E6CF8A009CE291 /* ClassicViewCell.m in Sources */ = {isa = PBXBuildFile; fileRef = 4CDA320B16E6CF8A009CE291 /* ClassicViewCell.m */; };
		4CDA320F16E6D9C1009CE291 /* StatusView.m in Sources */ = {isa = PBXBuildFile; fileRef = 4CDA320E16E6D9C1009CE291 /* StatusView.m */; };
		4CDCB86616D091F100F73019 /* BoardStatusView.m in Sources */ = {isa = PBXBuildFile; fileRef = 4CDCB86516D091F100F73019 /* BoardStatusView.m */; };
		4CE26BD616DA4EB100DFBB6D /* Gameboard.m in Sources */ = {isa = PBXBuildFile; fileRef = 4CE26BD516DA4EB100DFBB6D /* Gameboard.m */; };
		4CE26C0B16DAE5BF00DFBB6D /* WelcomeTableViewController.m in Sources */ = {isa = PBXBuildFile; fileRef = 4CE26C0A16DAE5BF00DFBB6D /* WelcomeTableViewController.m */; };
		4CE26C1016DAED7400DFBB6D /* PlayerViewController.m in Sources */ = {isa = PBXBuildFile; fileRef = 4CE26C0F16DAED7400DFBB6D /* PlayerViewController.m */; };
		4CE26C4016DB04E000DFBB6D /* CharacterCollectionViewController.m in Sources */ = {isa = PBXBuildFile; fileRef = 4CE26C3F16DB04E000DFBB6D /* CharacterCollectionViewController.m */; };
		4CE26C4316DB04F700DFBB6D /* SymbolCollectionViewController.m in Sources */ = {isa = PBXBuildFile; fileRef = 4CE26C4216DB04F700DFBB6D /* SymbolCollectionViewController.m */; };
		4CE26C4616DB057600DFBB6D /* IconCollectionViewCell.m in Sources */ = {isa = PBXBuildFile; fileRef = 4CE26C4516DB057600DFBB6D /* IconCollectionViewCell.m */; };
		4CEFA8F916DDA231005045C1 /* PlayerController.m in Sources */ = {isa = PBXBuildFile; fileRef = 4CEFA8F816DDA231005045C1 /* PlayerController.m */; };
		4CEFBA0716CDCB8E00AA060C /* UIKit.framework in Frameworks */ = {isa = PBXBuildFile; fileRef = 4CEFBA0616CDCB8E00AA060C /* UIKit.framework */; };
		4CEFBA0916CDCB8E00AA060C /* Foundation.framework in Frameworks */ = {isa = PBXBuildFile; fileRef = 4CEFBA0816CDCB8E00AA060C /* Foundation.framework */; };
		4CEFBA0B16CDCB8E00AA060C /* CoreGraphics.framework in Frameworks */ = {isa = PBXBuildFile; fileRef = 4CEFBA0A16CDCB8E00AA060C /* CoreGraphics.framework */; };
		4CEFBA1116CDCB8E00AA060C /* InfoPlist.strings in Resources */ = {isa = PBXBuildFile; fileRef = 4CEFBA0F16CDCB8E00AA060C /* InfoPlist.strings */; };
		4CEFBA1316CDCB8E00AA060C /* main.m in Sources */ = {isa = PBXBuildFile; fileRef = 4CEFBA1216CDCB8E00AA060C /* main.m */; };
		4CEFBA1716CDCB8E00AA060C /* AppDelegate.m in Sources */ = {isa = PBXBuildFile; fileRef = 4CEFBA1616CDCB8E00AA060C /* AppDelegate.m */; };
		4CEFBA1916CDCB8E00AA060C /* Default.png in Resources */ = {isa = PBXBuildFile; fileRef = 4CEFBA1816CDCB8E00AA060C /* Default.png */; };
		4CEFBA1B16CDCB8E00AA060C /* Default@2x.png in Resources */ = {isa = PBXBuildFile; fileRef = 4CEFBA1A16CDCB8E00AA060C /* Default@2x.png */; };
		4CEFBA1D16CDCB8E00AA060C /* Default-568h@2x.png in Resources */ = {isa = PBXBuildFile; fileRef = 4CEFBA1C16CDCB8E00AA060C /* Default-568h@2x.png */; };
		4CEFBA2016CDCB8E00AA060C /* MainStoryboard.storyboard in Resources */ = {isa = PBXBuildFile; fileRef = 4CEFBA1E16CDCB8E00AA060C /* MainStoryboard.storyboard */; };
/* End PBXBuildFile section */

/* Begin PBXFileReference section */
		4C07FB78182335DA00AD39F7 /* ClassicViewDelegate.h */ = {isa = PBXFileReference; lastKnownFileType = sourcecode.c.h; path = ClassicViewDelegate.h; sourceTree = "<group>"; };
		4C11700B16D15FE600BFF167 /* MessageTypes.h */ = {isa = PBXFileReference; lastKnownFileType = sourcecode.c.h; path = MessageTypes.h; sourceTree = "<group>"; };
		4C129B1A16CF35350089CFC1 /* Player.h */ = {isa = PBXFileReference; fileEncoding = 4; lastKnownFileType = sourcecode.c.h; path = Player.h; sourceTree = "<group>"; };
		4C129B1B16CF35350089CFC1 /* Player.m */ = {isa = PBXFileReference; fileEncoding = 4; lastKnownFileType = sourcecode.c.objc; path = Player.m; sourceTree = "<group>"; };
		4C58F85716D31A7D005C707F /* BoardViewController.h */ = {isa = PBXFileReference; fileEncoding = 4; lastKnownFileType = sourcecode.c.h; path = BoardViewController.h; sourceTree = "<group>"; };
		4C58F85816D31A7D005C707F /* BoardViewController.m */ = {isa = PBXFileReference; fileEncoding = 4; lastKnownFileType = sourcecode.c.objc; path = BoardViewController.m; sourceTree = "<group>"; };
		4CB420C116E029C00063D90A /* Images */ = {isa = PBXFileReference; lastKnownFileType = folder; path = Images; sourceTree = "<group>"; };
		4CC8602516EC48C900BF2DD3 /* ClassicViewCellDelegate.h */ = {isa = PBXFileReference; lastKnownFileType = sourcecode.c.h; path = ClassicViewCellDelegate.h; sourceTree = "<group>"; };
		4CCC17B216E40DBD00C53139 /* GameboardDelegate.h */ = {isa = PBXFileReference; fileEncoding = 4; lastKnownFileType = sourcecode.c.h; path = GameboardDelegate.h; sourceTree = "<group>"; };
		4CCC17B316E43B4800C53139 /* ReduxBoardViewController.h */ = {isa = PBXFileReference; fileEncoding = 4; lastKnownFileType = sourcecode.c.h; path = ReduxBoardViewController.h; sourceTree = "<group>"; };
		4CCC17B416E43B4800C53139 /* ReduxBoardViewController.m */ = {isa = PBXFileReference; fileEncoding = 4; lastKnownFileType = sourcecode.c.objc; path = ReduxBoardViewController.m; sourceTree = "<group>"; };
		4CCC17B616E4452700C53139 /* ReduxBoardStatusView.h */ = {isa = PBXFileReference; fileEncoding = 4; lastKnownFileType = sourcecode.c.h; path = ReduxBoardStatusView.h; sourceTree = "<group>"; };
		4CCC17B716E4452700C53139 /* ReduxBoardStatusView.m */ = {isa = PBXFileReference; fileEncoding = 4; lastKnownFileType = sourcecode.c.objc; path = ReduxBoardStatusView.m; sourceTree = "<group>"; };
		4CDA320716E6C411009CE291 /* ClassicView.h */ = {isa = PBXFileReference; fileEncoding = 4; lastKnownFileType = sourcecode.c.h; path = ClassicView.h; sourceTree = "<group>"; };
		4CDA320816E6C411009CE291 /* ClassicView.m */ = {isa = PBXFileReference; fileEncoding = 4; lastKnownFileType = sourcecode.c.objc; path = ClassicView.m; sourceTree = "<group>"; };
		4CDA320A16E6CF89009CE291 /* ClassicViewCell.h */ = {isa = PBXFileReference; fileEncoding = 4; lastKnownFileType = sourcecode.c.h; path = ClassicViewCell.h; sourceTree = "<group>"; };
		4CDA320B16E6CF8A009CE291 /* ClassicViewCell.m */ = {isa = PBXFileReference; fileEncoding = 4; lastKnownFileType = sourcecode.c.objc; path = ClassicViewCell.m; sourceTree = "<group>"; };
		4CDA320D16E6D9C0009CE291 /* StatusView.h */ = {isa = PBXFileReference; fileEncoding = 4; lastKnownFileType = sourcecode.c.h; path = StatusView.h; sourceTree = "<group>"; };
		4CDA320E16E6D9C1009CE291 /* StatusView.m */ = {isa = PBXFileReference; fileEncoding = 4; lastKnownFileType = sourcecode.c.objc; path = StatusView.m; sourceTree = "<group>"; };
		4CDCB86416D091F100F73019 /* BoardStatusView.h */ = {isa = PBXFileReference; fileEncoding = 4; lastKnownFileType = sourcecode.c.h; path = BoardStatusView.h; sourceTree = "<group>"; };
		4CDCB86516D091F100F73019 /* BoardStatusView.m */ = {isa = PBXFileReference; fileEncoding = 4; lastKnownFileType = sourcecode.c.objc; path = BoardStatusView.m; sourceTree = "<group>"; };
		4CE26BD416DA4EB100DFBB6D /* Gameboard.h */ = {isa = PBXFileReference; fileEncoding = 4; lastKnownFileType = sourcecode.c.h; path = Gameboard.h; sourceTree = "<group>"; };
		4CE26BD516DA4EB100DFBB6D /* Gameboard.m */ = {isa = PBXFileReference; fileEncoding = 4; lastKnownFileType = sourcecode.c.objc; path = Gameboard.m; sourceTree = "<group>"; };
		4CE26C0916DAE5BF00DFBB6D /* WelcomeTableViewController.h */ = {isa = PBXFileReference; fileEncoding = 4; lastKnownFileType = sourcecode.c.h; path = WelcomeTableViewController.h; sourceTree = "<group>"; };
		4CE26C0A16DAE5BF00DFBB6D /* WelcomeTableViewController.m */ = {isa = PBXFileReference; fileEncoding = 4; lastKnownFileType = sourcecode.c.objc; path = WelcomeTableViewController.m; sourceTree = "<group>"; };
		4CE26C0E16DAED7400DFBB6D /* PlayerViewController.h */ = {isa = PBXFileReference; fileEncoding = 4; lastKnownFileType = sourcecode.c.h; path = PlayerViewController.h; sourceTree = "<group>"; };
		4CE26C0F16DAED7400DFBB6D /* PlayerViewController.m */ = {isa = PBXFileReference; fileEncoding = 4; lastKnownFileType = sourcecode.c.objc; path = PlayerViewController.m; sourceTree = "<group>"; };
		4CE26C3E16DB04E000DFBB6D /* CharacterCollectionViewController.h */ = {isa = PBXFileReference; fileEncoding = 4; lastKnownFileType = sourcecode.c.h; path = CharacterCollectionViewController.h; sourceTree = "<group>"; };
		4CE26C3F16DB04E000DFBB6D /* CharacterCollectionViewController.m */ = {isa = PBXFileReference; fileEncoding = 4; lastKnownFileType = sourcecode.c.objc; path = CharacterCollectionViewController.m; sourceTree = "<group>"; };
		4CE26C4116DB04F700DFBB6D /* SymbolCollectionViewController.h */ = {isa = PBXFileReference; fileEncoding = 4; lastKnownFileType = sourcecode.c.h; path = SymbolCollectionViewController.h; sourceTree = "<group>"; };
		4CE26C4216DB04F700DFBB6D /* SymbolCollectionViewController.m */ = {isa = PBXFileReference; fileEncoding = 4; lastKnownFileType = sourcecode.c.objc; path = SymbolCollectionViewController.m; sourceTree = "<group>"; };
		4CE26C4416DB057600DFBB6D /* IconCollectionViewCell.h */ = {isa = PBXFileReference; fileEncoding = 4; lastKnownFileType = sourcecode.c.h; path = IconCollectionViewCell.h; sourceTree = "<group>"; };
		4CE26C4516DB057600DFBB6D /* IconCollectionViewCell.m */ = {isa = PBXFileReference; fileEncoding = 4; lastKnownFileType = sourcecode.c.objc; path = IconCollectionViewCell.m; sourceTree = "<group>"; };
		4CEFA8F716DDA231005045C1 /* PlayerController.h */ = {isa = PBXFileReference; fileEncoding = 4; lastKnownFileType = sourcecode.c.h; path = PlayerController.h; sourceTree = "<group>"; };
		4CEFA8F816DDA231005045C1 /* PlayerController.m */ = {isa = PBXFileReference; fileEncoding = 4; lastKnownFileType = sourcecode.c.objc; path = PlayerController.m; sourceTree = "<group>"; };
		4CEFBA0316CDCB8E00AA060C /* TicTacToe.app */ = {isa = PBXFileReference; explicitFileType = wrapper.application; includeInIndex = 0; path = TicTacToe.app; sourceTree = BUILT_PRODUCTS_DIR; };
		4CEFBA0616CDCB8E00AA060C /* UIKit.framework */ = {isa = PBXFileReference; lastKnownFileType = wrapper.framework; name = UIKit.framework; path = System/Library/Frameworks/UIKit.framework; sourceTree = SDKROOT; };
		4CEFBA0816CDCB8E00AA060C /* Foundation.framework */ = {isa = PBXFileReference; lastKnownFileType = wrapper.framework; name = Foundation.framework; path = System/Library/Frameworks/Foundation.framework; sourceTree = SDKROOT; };
		4CEFBA0A16CDCB8E00AA060C /* CoreGraphics.framework */ = {isa = PBXFileReference; lastKnownFileType = wrapper.framework; name = CoreGraphics.framework; path = System/Library/Frameworks/CoreGraphics.framework; sourceTree = SDKROOT; };
		4CEFBA0E16CDCB8E00AA060C /* TicTacToe-Info.plist */ = {isa = PBXFileReference; lastKnownFileType = text.plist.xml; path = "TicTacToe-Info.plist"; sourceTree = "<group>"; };
		4CEFBA1016CDCB8E00AA060C /* en */ = {isa = PBXFileReference; lastKnownFileType = text.plist.strings; name = en; path = en.lproj/InfoPlist.strings; sourceTree = "<group>"; };
		4CEFBA1216CDCB8E00AA060C /* main.m */ = {isa = PBXFileReference; lastKnownFileType = sourcecode.c.objc; path = main.m; sourceTree = "<group>"; };
		4CEFBA1416CDCB8E00AA060C /* TicTacToe-Prefix.pch */ = {isa = PBXFileReference; lastKnownFileType = sourcecode.c.h; path = "TicTacToe-Prefix.pch"; sourceTree = "<group>"; };
		4CEFBA1516CDCB8E00AA060C /* AppDelegate.h */ = {isa = PBXFileReference; lastKnownFileType = sourcecode.c.h; path = AppDelegate.h; sourceTree = "<group>"; };
		4CEFBA1616CDCB8E00AA060C /* AppDelegate.m */ = {isa = PBXFileReference; lastKnownFileType = sourcecode.c.objc; path = AppDelegate.m; sourceTree = "<group>"; };
		4CEFBA1816CDCB8E00AA060C /* Default.png */ = {isa = PBXFileReference; lastKnownFileType = image.png; path = Default.png; sourceTree = "<group>"; };
		4CEFBA1A16CDCB8E00AA060C /* Default@2x.png */ = {isa = PBXFileReference; lastKnownFileType = image.png; path = "Default@2x.png"; sourceTree = "<group>"; };
		4CEFBA1C16CDCB8E00AA060C /* Default-568h@2x.png */ = {isa = PBXFileReference; lastKnownFileType = image.png; path = "Default-568h@2x.png"; sourceTree = "<group>"; };
		4CEFBA1F16CDCB8E00AA060C /* en */ = {isa = PBXFileReference; lastKnownFileType = file.storyboard; name = en; path = en.lproj/MainStoryboard.storyboard; sourceTree = "<group>"; };
		4CF469BC16E1A42E00A6D525 /* IconCollectionViewDelegate.h */ = {isa = PBXFileReference; fileEncoding = 4; lastKnownFileType = sourcecode.c.h; path = IconCollectionViewDelegate.h; sourceTree = "<group>"; };
/* End PBXFileReference section */

/* Begin PBXFrameworksBuildPhase section */
		4CEFBA0016CDCB8E00AA060C /* Frameworks */ = {
			isa = PBXFrameworksBuildPhase;
			buildActionMask = 2147483647;
			files = (
				4CEFBA0716CDCB8E00AA060C /* UIKit.framework in Frameworks */,
				4CEFBA0916CDCB8E00AA060C /* Foundation.framework in Frameworks */,
				4CEFBA0B16CDCB8E00AA060C /* CoreGraphics.framework in Frameworks */,
			);
			runOnlyForDeploymentPostprocessing = 0;
		};
/* End PBXFrameworksBuildPhase section */

/* Begin PBXGroup section */
		4CCC17B116E40D8600C53139 /* Delegates */ = {
			isa = PBXGroup;
			children = (
				4C07FB78182335DA00AD39F7 /* ClassicViewDelegate.h */,
				4CC8602516EC48C900BF2DD3 /* ClassicViewCellDelegate.h */,
				4CCC17B216E40DBD00C53139 /* GameboardDelegate.h */,
				4CF469BC16E1A42E00A6D525 /* IconCollectionViewDelegate.h */,
			);
			name = Delegates;
			sourceTree = "<group>";
		};
		4CE26BD016DA4D7E00DFBB6D /* Data Objects */ = {
			isa = PBXGroup;
			children = (
				4C11700B16D15FE600BFF167 /* MessageTypes.h */,
				4CEFA8F716DDA231005045C1 /* PlayerController.h */,
				4CEFA8F816DDA231005045C1 /* PlayerController.m */,
				4C129B1A16CF35350089CFC1 /* Player.h */,
				4C129B1B16CF35350089CFC1 /* Player.m */,
				4CE26BD416DA4EB100DFBB6D /* Gameboard.h */,
				4CE26BD516DA4EB100DFBB6D /* Gameboard.m */,
			);
			name = "Data Objects";
			sourceTree = "<group>";
		};
		4CE26C0C16DAE5C700DFBB6D /* View Controllers */ = {
			isa = PBXGroup;
			children = (
				4CCC17B316E43B4800C53139 /* ReduxBoardViewController.h */,
				4CCC17B416E43B4800C53139 /* ReduxBoardViewController.m */,
				4C58F85716D31A7D005C707F /* BoardViewController.h */,
				4C58F85816D31A7D005C707F /* BoardViewController.m */,
				4CE26C0916DAE5BF00DFBB6D /* WelcomeTableViewController.h */,
				4CE26C0A16DAE5BF00DFBB6D /* WelcomeTableViewController.m */,
				4CE26C0E16DAED7400DFBB6D /* PlayerViewController.h */,
				4CE26C0F16DAED7400DFBB6D /* PlayerViewController.m */,
				4CE26C3E16DB04E000DFBB6D /* CharacterCollectionViewController.h */,
				4CE26C3F16DB04E000DFBB6D /* CharacterCollectionViewController.m */,
				4CE26C4116DB04F700DFBB6D /* SymbolCollectionViewController.h */,
				4CE26C4216DB04F700DFBB6D /* SymbolCollectionViewController.m */,
			);
			name = "View Controllers";
			sourceTree = "<group>";
		};
		4CE26C0D16DAE5DC00DFBB6D /* Views */ = {
			isa = PBXGroup;
			children = (
				4CDCB86416D091F100F73019 /* BoardStatusView.h */,
				4CDCB86516D091F100F73019 /* BoardStatusView.m */,
				4CDA320D16E6D9C0009CE291 /* StatusView.h */,
				4CDA320E16E6D9C1009CE291 /* StatusView.m */,
				4CE26C4416DB057600DFBB6D /* IconCollectionViewCell.h */,
				4CE26C4516DB057600DFBB6D /* IconCollectionViewCell.m */,
				4CCC17B616E4452700C53139 /* ReduxBoardStatusView.h */,
				4CCC17B716E4452700C53139 /* ReduxBoardStatusView.m */,
				4CDA320716E6C411009CE291 /* ClassicView.h */,
				4CDA320816E6C411009CE291 /* ClassicView.m */,
				4CDA320A16E6CF89009CE291 /* ClassicViewCell.h */,
				4CDA320B16E6CF8A009CE291 /* ClassicViewCell.m */,
			);
			name = Views;
			sourceTree = "<group>";
		};
		4CEFB9FA16CDCB8E00AA060C = {
			isa = PBXGroup;
			children = (
				4CEFBA0C16CDCB8E00AA060C /* TicTacToe */,
				4CEFBA0516CDCB8E00AA060C /* Frameworks */,
				4CEFBA0416CDCB8E00AA060C /* Products */,
			);
			sourceTree = "<group>";
		};
		4CEFBA0416CDCB8E00AA060C /* Products */ = {
			isa = PBXGroup;
			children = (
				4CEFBA0316CDCB8E00AA060C /* TicTacToe.app */,
			);
			name = Products;
			sourceTree = "<group>";
		};
		4CEFBA0516CDCB8E00AA060C /* Frameworks */ = {
			isa = PBXGroup;
			children = (
				4CEFBA0616CDCB8E00AA060C /* UIKit.framework */,
				4CEFBA0816CDCB8E00AA060C /* Foundation.framework */,
				4CEFBA0A16CDCB8E00AA060C /* CoreGraphics.framework */,
			);
			name = Frameworks;
			sourceTree = "<group>";
		};
		4CEFBA0C16CDCB8E00AA060C /* TicTacToe */ = {
			isa = PBXGroup;
			children = (
				4CB420C116E029C00063D90A /* Images */,
				4CE26C0D16DAE5DC00DFBB6D /* Views */,
				4CE26C0C16DAE5C700DFBB6D /* View Controllers */,
				4CCC17B116E40D8600C53139 /* Delegates */,
				4CE26BD016DA4D7E00DFBB6D /* Data Objects */,
				4CEFBA1516CDCB8E00AA060C /* AppDelegate.h */,
				4CEFBA1616CDCB8E00AA060C /* AppDelegate.m */,
				4CEFBA1E16CDCB8E00AA060C /* MainStoryboard.storyboard */,
				4CEFBA0D16CDCB8E00AA060C /* Supporting Files */,
			);
			path = TicTacToe;
			sourceTree = "<group>";
		};
		4CEFBA0D16CDCB8E00AA060C /* Supporting Files */ = {
			isa = PBXGroup;
			children = (
				4CEFBA0E16CDCB8E00AA060C /* TicTacToe-Info.plist */,
				4CEFBA0F16CDCB8E00AA060C /* InfoPlist.strings */,
				4CEFBA1216CDCB8E00AA060C /* main.m */,
				4CEFBA1416CDCB8E00AA060C /* TicTacToe-Prefix.pch */,
				4CEFBA1816CDCB8E00AA060C /* Default.png */,
				4CEFBA1A16CDCB8E00AA060C /* Default@2x.png */,
				4CEFBA1C16CDCB8E00AA060C /* Default-568h@2x.png */,
			);
			name = "Supporting Files";
			sourceTree = "<group>";
		};
/* End PBXGroup section */

/* Begin PBXNativeTarget section */
		4CEFBA0216CDCB8E00AA060C /* TicTacToe */ = {
			isa = PBXNativeTarget;
			buildConfigurationList = 4CEFBA2916CDCB8E00AA060C /* Build configuration list for PBXNativeTarget "TicTacToe" */;
			buildPhases = (
				4CEFB9FF16CDCB8E00AA060C /* Sources */,
				4CEFBA0016CDCB8E00AA060C /* Frameworks */,
				4CEFBA0116CDCB8E00AA060C /* Resources */,
			);
			buildRules = (
			);
			dependencies = (
			);
			name = TicTacToe;
			productName = TicTacToe;
			productReference = 4CEFBA0316CDCB8E00AA060C /* TicTacToe.app */;
			productType = "com.apple.product-type.application";
		};
/* End PBXNativeTarget section */

/* Begin PBXProject section */
		4CEFB9FB16CDCB8E00AA060C /* Project object */ = {
			isa = PBXProject;
			attributes = {
				LastUpgradeCheck = 0460;
				ORGANIZATIONNAME = PartyMan;
			};
			buildConfigurationList = 4CEFB9FE16CDCB8E00AA060C /* Build configuration list for PBXProject "TicTacToe" */;
			compatibilityVersion = "Xcode 3.2";
			developmentRegion = English;
			hasScannedForEncodings = 0;
			knownRegions = (
				en,
			);
			mainGroup = 4CEFB9FA16CDCB8E00AA060C;
			productRefGroup = 4CEFBA0416CDCB8E00AA060C /* Products */;
			projectDirPath = "";
			projectRoot = "";
			targets = (
				4CEFBA0216CDCB8E00AA060C /* TicTacToe */,
			);
		};
/* End PBXProject section */

/* Begin PBXResourcesBuildPhase section */
		4CEFBA0116CDCB8E00AA060C /* Resources */ = {
			isa = PBXResourcesBuildPhase;
			buildActionMask = 2147483647;
			files = (
				4CEFBA1116CDCB8E00AA060C /* InfoPlist.strings in Resources */,
				4CEFBA1916CDCB8E00AA060C /* Default.png in Resources */,
				4CEFBA1B16CDCB8E00AA060C /* Default@2x.png in Resources */,
				4CEFBA1D16CDCB8E00AA060C /* Default-568h@2x.png in Resources */,
				4CEFBA2016CDCB8E00AA060C /* MainStoryboard.storyboard in Resources */,
				4CB420C216E029C00063D90A /* Images in Resources */,
			);
			runOnlyForDeploymentPostprocessing = 0;
		};
/* End PBXResourcesBuildPhase section */

/* Begin PBXSourcesBuildPhase section */
		4CEFB9FF16CDCB8E00AA060C /* Sources */ = {
			isa = PBXSourcesBuildPhase;
			buildActionMask = 2147483647;
			files = (
				4CEFBA1316CDCB8E00AA060C /* main.m in Sources */,
				4CEFBA1716CDCB8E00AA060C /* AppDelegate.m in Sources */,
				4C129B1C16CF35350089CFC1 /* Player.m in Sources */,
				4CDCB86616D091F100F73019 /* BoardStatusView.m in Sources */,
				4C58F85916D31A7D005C707F /* BoardViewController.m in Sources */,
				4CE26BD616DA4EB100DFBB6D /* Gameboard.m in Sources */,
				4CE26C0B16DAE5BF00DFBB6D /* WelcomeTableViewController.m in Sources */,
				4CE26C1016DAED7400DFBB6D /* PlayerViewController.m in Sources */,
				4CE26C4016DB04E000DFBB6D /* CharacterCollectionViewController.m in Sources */,
				4CE26C4316DB04F700DFBB6D /* SymbolCollectionViewController.m in Sources */,
				4CE26C4616DB057600DFBB6D /* IconCollectionViewCell.m in Sources */,
				4CEFA8F916DDA231005045C1 /* PlayerController.m in Sources */,
				4CCC17B516E43B4800C53139 /* ReduxBoardViewController.m in Sources */,
				4CCC17B816E4452700C53139 /* ReduxBoardStatusView.m in Sources */,
				4CDA320916E6C411009CE291 /* ClassicView.m in Sources */,
				4CDA320C16E6CF8A009CE291 /* ClassicViewCell.m in Sources */,
				4CDA320F16E6D9C1009CE291 /* StatusView.m in Sources */,
			);
			runOnlyForDeploymentPostprocessing = 0;
		};
/* End PBXSourcesBuildPhase section */

/* Begin PBXVariantGroup section */
		4CEFBA0F16CDCB8E00AA060C /* InfoPlist.strings */ = {
			isa = PBXVariantGroup;
			children = (
				4CEFBA1016CDCB8E00AA060C /* en */,
			);
			name = InfoPlist.strings;
			sourceTree = "<group>";
		};
		4CEFBA1E16CDCB8E00AA060C /* MainStoryboard.storyboard */ = {
			isa = PBXVariantGroup;
			children = (
				4CEFBA1F16CDCB8E00AA060C /* en */,
			);
			name = MainStoryboard.storyboard;
			sourceTree = "<group>";
		};
/* End PBXVariantGroup section */

/* Begin XCBuildConfiguration section */
		4CEFBA2716CDCB8E00AA060C /* Debug */ = {
			isa = XCBuildConfiguration;
			buildSettings = {
				ALWAYS_SEARCH_USER_PATHS = NO;
				CLANG_CXX_LANGUAGE_STANDARD = "gnu++0x";
				CLANG_CXX_LIBRARY = "libc++";
				CLANG_ENABLE_OBJC_ARC = YES;
				CLANG_WARN_CONSTANT_CONVERSION = YES;
				CLANG_WARN_EMPTY_BODY = YES;
				CLANG_WARN_ENUM_CONVERSION = YES;
				CLANG_WARN_INT_CONVERSION = YES;
				CLANG_WARN__DUPLICATE_METHOD_MATCH = YES;
				"CODE_SIGN_IDENTITY[sdk=iphoneos*]" = "iPhone Developer";
				COPY_PHASE_STRIP = NO;
				GCC_C_LANGUAGE_STANDARD = gnu99;
				GCC_DYNAMIC_NO_PIC = NO;
				GCC_OPTIMIZATION_LEVEL = 0;
				GCC_PREPROCESSOR_DEFINITIONS = (
					"DEBUG=1",
					"$(inherited)",
				);
				GCC_SYMBOLS_PRIVATE_EXTERN = NO;
				GCC_WARN_ABOUT_RETURN_TYPE = YES;
				GCC_WARN_UNINITIALIZED_AUTOS = YES;
				GCC_WARN_UNUSED_VARIABLE = YES;
				IPHONEOS_DEPLOYMENT_TARGET = 6.1;
				ONLY_ACTIVE_ARCH = YES;
				SDKROOT = iphoneos;
			};
			name = Debug;
		};
		4CEFBA2816CDCB8E00AA060C /* Release */ = {
			isa = XCBuildConfiguration;
			buildSettings = {
				ALWAYS_SEARCH_USER_PATHS = NO;
				CLANG_CXX_LANGUAGE_STANDARD = "gnu++0x";
				CLANG_CXX_LIBRARY = "libc++";
				CLANG_ENABLE_OBJC_ARC = YES;
				CLANG_WARN_CONSTANT_CONVERSION = YES;
				CLANG_WARN_EMPTY_BODY = YES;
				CLANG_WARN_ENUM_CONVERSION = YES;
				CLANG_WARN_INT_CONVERSION = YES;
				CLANG_WARN__DUPLICATE_METHOD_MATCH = YES;
				"CODE_SIGN_IDENTITY[sdk=iphoneos*]" = "iPhone Developer";
				COPY_PHASE_STRIP = YES;
				GCC_C_LANGUAGE_STANDARD = gnu99;
				GCC_WARN_ABOUT_RETURN_TYPE = YES;
				GCC_WARN_UNINITIALIZED_AUTOS = YES;
				GCC_WARN_UNUSED_VARIABLE = YES;
				IPHONEOS_DEPLOYMENT_TARGET = 6.1;
				OTHER_CFLAGS = "-DNS_BLOCK_ASSERTIONS=1";
				SDKROOT = iphoneos;
				VALIDATE_PRODUCT = YES;
			};
			name = Release;
		};
		4CEFBA2A16CDCB8E00AA060C /* Debug */ = {
			isa = XCBuildConfiguration;
			buildSettings = {
				GCC_PRECOMPILE_PREFIX_HEADER = YES;
				GCC_PREFIX_HEADER = "TicTacToe/TicTacToe-Prefix.pch";
				INFOPLIST_FILE = "TicTacToe/TicTacToe-Info.plist";
				PRODUCT_NAME = "$(TARGET_NAME)";
				WRAPPER_EXTENSION = app;
			};
			name = Debug;
		};
		4CEFBA2B16CDCB8E00AA060C /* Release */ = {
			isa = XCBuildConfiguration;
			buildSettings = {
				GCC_PRECOMPILE_PREFIX_HEADER = YES;
				GCC_PREFIX_HEADER = "TicTacToe/TicTacToe-Prefix.pch";
				INFOPLIST_FILE = "TicTacToe/TicTacToe-Info.plist";
				PRODUCT_NAME = "$(TARGET_NAME)";
				WRAPPER_EXTENSION = app;
			};
			name = Release;
		};
/* End XCBuildConfiguration section */

/* Begin XCConfigurationList section */
		4CEFB9FE16CDCB8E00AA060C /* Build configuration list for PBXProject "TicTacToe" */ = {
			isa = XCConfigurationList;
			buildConfigurations = (
				4CEFBA2716CDCB8E00AA060C /* Debug */,
				4CEFBA2816CDCB8E00AA060C /* Release */,
			);
			defaultConfigurationIsVisible = 0;
			defaultConfigurationName = Release;
		};
		4CEFBA2916CDCB8E00AA060C /* Build configuration list for PBXNativeTarget "TicTacToe" */ = {
			isa = XCConfigurationList;
			buildConfigurations = (
				4CEFBA2A16CDCB8E00AA060C /* Debug */,
				4CEFBA2B16CDCB8E00AA060C /* Release */,
			);
			defaultConfigurationIsVisible = 0;
			defaultConfigurationName = Release;
		};
/* End XCConfigurationList section */
	};
	rootObject = 4CEFB9FB16CDCB8E00AA060C /* Project object */;
}
